
Microsoft Visual Studio Solution File, Format Version 12.00
# Visual Studio 15
VisualStudioVersion = 15.0.27130.2027
MinimumVisualStudioVersion = 10.0.40219.1
Project("{FAE04EC0-301F-11D3-BF4B-00C04F79EFBC}") = "WebAPI2", "WebAPI2\WebAPI2.csproj", "{8D459676-BD64-4F77-A704-CC5BE92A0C01}"
EndProject
Global
	GlobalSection(SolutionConfigurationPlatforms) = preSolution
		Debug|Any CPU = Debug|Any CPU
		Release|Any CPU = Release|Any CPU
	EndGlobalSection
	GlobalSection(ProjectConfigurationPlatforms) = postSolution
		{8D459676-BD64-4F77-A704-CC5BE92A0C01}.Debug|Any CPU.ActiveCfg = Debug|Any CPU
		{8D459676-BD64-4F77-A704-CC5BE92A0C01}.Debug|Any CPU.Build.0 = Debug|Any CPU
		{8D459676-BD64-4F77-A704-CC5BE92A0C01}.Release|Any CPU.ActiveCfg = Release|Any CPU
		{8D459676-BD64-4F77-A704-CC5BE92A0C01}.Release|Any CPU.Build.0 = Release|Any CPU
	EndGlobalSection
	GlobalSection(SolutionProperties) = preSolution
		HideSolutionNode = FALSE
	EndGlobalSection
	GlobalSection(ExtensibilityGlobals) = postSolution
		SolutionGuid = {57D6ED8C-53A7-4A9D-8795-95F46E035C68}
	EndGlobalSection
EndGlobal
